
Microsoft Visual Studio Solution File, Format Version 12.00
# Visual Studio Version 17
VisualStudioVersion = 17.3.32901.215
MinimumVisualStudioVersion = 10.0.40219.1
Project("{FAE04EC0-301F-11D3-BF4B-00C04F79EFBC}") = "Pars2012", "Pars2012\Pars2012.csproj", "{477D026A-0D83-4373-BC3B-94D5FC0BB527}"
EndProject
Global
	GlobalSection(SolutionConfigurationPlatforms) = preSolution
		Debug|Any CPU = Debug|Any CPU
		Release|Any CPU = Release|Any CPU
	EndGlobalSection
	GlobalSection(ProjectConfigurationPlatforms) = postSolution
		{477D026A-0D83-4373-BC3B-94D5FC0BB527}.Debug|Any CPU.ActiveCfg = Debug|Any CPU
		{477D026A-0D83-4373-BC3B-94D5FC0BB527}.Debug|Any CPU.Build.0 = Debug|Any CPU
		{477D026A-0D83-4373-BC3B-94D5FC0BB527}.Release|Any CPU.ActiveCfg = Release|Any CPU
		{477D026A-0D83-4373-BC3B-94D5FC0BB527}.Release|Any CPU.Build.0 = Release|Any CPU
	EndGlobalSection
	GlobalSection(SolutionProperties) = preSolution
		HideSolutionNode = FALSE
	EndGlobalSection
	GlobalSection(ExtensibilityGlobals) = postSolution
		SolutionGuid = {40500347-5097-416B-B43E-D4C0D045CD1E}
	EndGlobalSection
EndGlobal
